
Microsoft Visual Studio Solution File, Format Version 12.00
# Visual Studio Version 16
VisualStudioVersion = 16.0.30907.101
MinimumVisualStudioVersion = 10.0.40219.1
Project("{2150E333-8FDC-42A3-9474-1A3956D46DE8}") = "CMakePredefinedTargets", "CMakePredefinedTargets", "{B5CBC3DF-7736-3A11-8138-D31F4A6A9236}"
EndProject
Project("{2150E333-8FDC-42A3-9474-1A3956D46DE8}") = "External", "External", "{A2AFB501-9BA9-304F-BE37-6466283FA173}"
EndProject
Project("{2150E333-8FDC-42A3-9474-1A3956D46DE8}") = "Internal", "Internal", "{688642D9-93C2-3AFD-A46D-9735C94489C1}"
EndProject
Project("{2150E333-8FDC-42A3-9474-1A3956D46DE8}") = "Utils", "Utils", "{43ABFFEA-A127-3402-99F0-19FE57F386F1}"
EndProject
Project("{8BC9CEB8-8B4A-11D0-8D11-00A0C91BC942}") = "Arkanoid", "Arkanoid.vcxproj", "{EB699CC2-322E-3F6E-9FC2-4846CE893BA6}"
	ProjectSection(ProjectDependencies) = postProject
		{9216608E-4B03-3B78-966B-2A23944E8971} = {9216608E-4B03-3B78-966B-2A23944E8971}
		{4382F1D8-A67D-3E9D-8B8A-0379760068EE} = {4382F1D8-A67D-3E9D-8B8A-0379760068EE}
		{03D788E1-09AB-34E5-9000-C6CB3946405F} = {03D788E1-09AB-34E5-9000-C6CB3946405F}
		{B48C393B-0368-3C81-B84E-26BF2E97181F} = {B48C393B-0368-3C81-B84E-26BF2E97181F}
		{6967327F-68C7-3989-9505-4B85B81F412F} = {6967327F-68C7-3989-9505-4B85B81F412F}
		{4838BB05-74DA-3EDF-A08F-3AAD43ED5FAF} = {4838BB05-74DA-3EDF-A08F-3AAD43ED5FAF}
		{2886F568-D958-3D27-B66B-A87D7B1AA216} = {2886F568-D958-3D27-B66B-A87D7B1AA216}
		{4AB45400-CD4A-3F1E-AD1D-109F7B81C867} = {4AB45400-CD4A-3F1E-AD1D-109F7B81C867}
		{2F9AED46-3C9F-3D8D-B544-484F3FF3F092} = {2F9AED46-3C9F-3D8D-B544-484F3FF3F092}
		{BC0720A1-CDEC-3E07-9F13-7895A320214B} = {BC0720A1-CDEC-3E07-9F13-7895A320214B}
		{9B492390-11D5-3A2F-BE3C-E0599E882038} = {9B492390-11D5-3A2F-BE3C-E0599E882038}
		{E753ADA5-C6D0-3AA7-B6D8-0A5493C6F9ED} = {E753ADA5-C6D0-3AA7-B6D8-0A5493C6F9ED}
		{49E2A931-9F66-300F-97CC-23DEB3D91385} = {49E2A931-9F66-300F-97CC-23DEB3D91385}
		{77BFDA4A-D3C3-35FE-B5E0-BD8FF74B2FB1} = {77BFDA4A-D3C3-35FE-B5E0-BD8FF74B2FB1}
	EndProjectSection
EndProject
Project("{8BC9CEB8-8B4A-11D0-8D11-00A0C91BC942}") = "SYNC_RESOURCE-Arkanoid", "SYNC_RESOURCE-Arkanoid.vcxproj", "{9216608E-4B03-3B78-966B-2A23944E8971}"
	ProjectSection(ProjectDependencies) = postProject
		{4382F1D8-A67D-3E9D-8B8A-0379760068EE} = {4382F1D8-A67D-3E9D-8B8A-0379760068EE}
	EndProjectSection
EndProject
Project("{8BC9CEB8-8B4A-11D0-8D11-00A0C91BC942}") = "ZERO_CHECK", "ZERO_CHECK.vcxproj", "{4382F1D8-A67D-3E9D-8B8A-0379760068EE}"
EndProject
Project("{8BC9CEB8-8B4A-11D0-8D11-00A0C91BC942}") = "cocos2d", "engine\cocos\core\cocos2d.vcxproj", "{03D788E1-09AB-34E5-9000-C6CB3946405F}"
	ProjectSection(ProjectDependencies) = postProject
		{4382F1D8-A67D-3E9D-8B8A-0379760068EE} = {4382F1D8-A67D-3E9D-8B8A-0379760068EE}
		{B48C393B-0368-3C81-B84E-26BF2E97181F} = {B48C393B-0368-3C81-B84E-26BF2E97181F}
		{6967327F-68C7-3989-9505-4B85B81F412F} = {6967327F-68C7-3989-9505-4B85B81F412F}
		{4838BB05-74DA-3EDF-A08F-3AAD43ED5FAF} = {4838BB05-74DA-3EDF-A08F-3AAD43ED5FAF}
		{2886F568-D958-3D27-B66B-A87D7B1AA216} = {2886F568-D958-3D27-B66B-A87D7B1AA216}
		{4AB45400-CD4A-3F1E-AD1D-109F7B81C867} = {4AB45400-CD4A-3F1E-AD1D-109F7B81C867}
		{2F9AED46-3C9F-3D8D-B544-484F3FF3F092} = {2F9AED46-3C9F-3D8D-B544-484F3FF3F092}
		{BC0720A1-CDEC-3E07-9F13-7895A320214B} = {BC0720A1-CDEC-3E07-9F13-7895A320214B}
		{9B492390-11D5-3A2F-BE3C-E0599E882038} = {9B492390-11D5-3A2F-BE3C-E0599E882038}
		{E753ADA5-C6D0-3AA7-B6D8-0A5493C6F9ED} = {E753ADA5-C6D0-3AA7-B6D8-0A5493C6F9ED}
		{49E2A931-9F66-300F-97CC-23DEB3D91385} = {49E2A931-9F66-300F-97CC-23DEB3D91385}
		{77BFDA4A-D3C3-35FE-B5E0-BD8FF74B2FB1} = {77BFDA4A-D3C3-35FE-B5E0-BD8FF74B2FB1}
	EndProjectSection
EndProject
Project("{8BC9CEB8-8B4A-11D0-8D11-00A0C91BC942}") = "ext_clipper", "engine\external\clipper\ext_clipper.vcxproj", "{B48C393B-0368-3C81-B84E-26BF2E97181F}"
	ProjectSection(ProjectDependencies) = postProject
		{4382F1D8-A67D-3E9D-8B8A-0379760068EE} = {4382F1D8-A67D-3E9D-8B8A-0379760068EE}
	EndProjectSection
EndProject
Project("{8BC9CEB8-8B4A-11D0-8D11-00A0C91BC942}") = "ext_convertUTF", "engine\external\ConvertUTF\ext_convertUTF.vcxproj", "{6967327F-68C7-3989-9505-4B85B81F412F}"
	ProjectSection(ProjectDependencies) = postProject
		{4382F1D8-A67D-3E9D-8B8A-0379760068EE} = {4382F1D8-A67D-3E9D-8B8A-0379760068EE}
	EndProjectSection
EndProject
Project("{8BC9CEB8-8B4A-11D0-8D11-00A0C91BC942}") = "ext_edtaa3func", "engine\external\edtaa3func\ext_edtaa3func.vcxproj", "{4838BB05-74DA-3EDF-A08F-3AAD43ED5FAF}"
	ProjectSection(ProjectDependencies) = postProject
		{4382F1D8-A67D-3E9D-8B8A-0379760068EE} = {4382F1D8-A67D-3E9D-8B8A-0379760068EE}
	EndProjectSection
EndProject
Project("{8BC9CEB8-8B4A-11D0-8D11-00A0C91BC942}") = "ext_md5", "engine\external\md5\ext_md5.vcxproj", "{2886F568-D958-3D27-B66B-A87D7B1AA216}"
	ProjectSection(ProjectDependencies) = postProject
		{4382F1D8-A67D-3E9D-8B8A-0379760068EE} = {4382F1D8-A67D-3E9D-8B8A-0379760068EE}
	EndProjectSection
EndProject
Project("{8BC9CEB8-8B4A-11D0-8D11-00A0C91BC942}") = "ext_poly2tri", "engine\external\poly2tri\ext_poly2tri.vcxproj", "{4AB45400-CD4A-3F1E-AD1D-109F7B81C867}"
	ProjectSection(ProjectDependencies) = postProject
		{4382F1D8-A67D-3E9D-8B8A-0379760068EE} = {4382F1D8-A67D-3E9D-8B8A-0379760068EE}
	EndProjectSection
EndProject
Project("{8BC9CEB8-8B4A-11D0-8D11-00A0C91BC942}") = "ext_recast", "engine\external\recast\ext_recast.vcxproj", "{2F9AED46-3C9F-3D8D-B544-484F3FF3F092}"
	ProjectSection(ProjectDependencies) = postProject
		{4382F1D8-A67D-3E9D-8B8A-0379760068EE} = {4382F1D8-A67D-3E9D-8B8A-0379760068EE}
	EndProjectSection
EndProject
Project("{8BC9CEB8-8B4A-11D0-8D11-00A0C91BC942}") = "ext_tinyxml2", "engine\external\tinyxml2\ext_tinyxml2.vcxproj", "{BC0720A1-CDEC-3E07-9F13-7895A320214B}"
	ProjectSection(ProjectDependencies) = postProject
		{4382F1D8-A67D-3E9D-8B8A-0379760068EE} = {4382F1D8-A67D-3E9D-8B8A-0379760068EE}
	EndProjectSection
EndProject
Project("{8BC9CEB8-8B4A-11D0-8D11-00A0C91BC942}") = "ext_unzip", "engine\external\unzip\ext_unzip.vcxproj", "{9B492390-11D5-3A2F-BE3C-E0599E882038}"
	ProjectSection(ProjectDependencies) = postProject
		{4382F1D8-A67D-3E9D-8B8A-0379760068EE} = {4382F1D8-A67D-3E9D-8B8A-0379760068EE}
	EndProjectSection
EndProject
Project("{8BC9CEB8-8B4A-11D0-8D11-00A0C91BC942}") = "ext_xxhash", "engine\external\xxhash\ext_xxhash.vcxproj", "{E753ADA5-C6D0-3AA7-B6D8-0A5493C6F9ED}"
	ProjectSection(ProjectDependencies) = postProject
		{4382F1D8-A67D-3E9D-8B8A-0379760068EE} = {4382F1D8-A67D-3E9D-8B8A-0379760068EE}
	EndProjectSection
EndProject
Project("{8BC9CEB8-8B4A-11D0-8D11-00A0C91BC942}") = "ext_xxtea", "engine\external\xxtea\ext_xxtea.vcxproj", "{49E2A931-9F66-300F-97CC-23DEB3D91385}"
	ProjectSection(ProjectDependencies) = postProject
		{4382F1D8-A67D-3E9D-8B8A-0379760068EE} = {4382F1D8-A67D-3E9D-8B8A-0379760068EE}
	EndProjectSection
EndProject
Project("{8BC9CEB8-8B4A-11D0-8D11-00A0C91BC942}") = "external", "engine\external\external.vcxproj", "{77BFDA4A-D3C3-35FE-B5E0-BD8FF74B2FB1}"
	ProjectSection(ProjectDependencies) = postProject
		{4382F1D8-A67D-3E9D-8B8A-0379760068EE} = {4382F1D8-A67D-3E9D-8B8A-0379760068EE}
		{B48C393B-0368-3C81-B84E-26BF2E97181F} = {B48C393B-0368-3C81-B84E-26BF2E97181F}
		{6967327F-68C7-3989-9505-4B85B81F412F} = {6967327F-68C7-3989-9505-4B85B81F412F}
		{4838BB05-74DA-3EDF-A08F-3AAD43ED5FAF} = {4838BB05-74DA-3EDF-A08F-3AAD43ED5FAF}
		{2886F568-D958-3D27-B66B-A87D7B1AA216} = {2886F568-D958-3D27-B66B-A87D7B1AA216}
		{4AB45400-CD4A-3F1E-AD1D-109F7B81C867} = {4AB45400-CD4A-3F1E-AD1D-109F7B81C867}
		{2F9AED46-3C9F-3D8D-B544-484F3FF3F092} = {2F9AED46-3C9F-3D8D-B544-484F3FF3F092}
		{BC0720A1-CDEC-3E07-9F13-7895A320214B} = {BC0720A1-CDEC-3E07-9F13-7895A320214B}
		{9B492390-11D5-3A2F-BE3C-E0599E882038} = {9B492390-11D5-3A2F-BE3C-E0599E882038}
		{E753ADA5-C6D0-3AA7-B6D8-0A5493C6F9ED} = {E753ADA5-C6D0-3AA7-B6D8-0A5493C6F9ED}
		{49E2A931-9F66-300F-97CC-23DEB3D91385} = {49E2A931-9F66-300F-97CC-23DEB3D91385}
	EndProjectSection
EndProject
Global
	GlobalSection(SolutionConfigurationPlatforms) = preSolution
		Debug|Win32 = Debug|Win32
		MinSizeRel|Win32 = MinSizeRel|Win32
		Release|Win32 = Release|Win32
		RelWithDebInfo|Win32 = RelWithDebInfo|Win32
	EndGlobalSection
	GlobalSection(ProjectConfigurationPlatforms) = postSolution
		{EB699CC2-322E-3F6E-9FC2-4846CE893BA6}.Debug|Win32.ActiveCfg = Debug|Win32
		{EB699CC2-322E-3F6E-9FC2-4846CE893BA6}.Debug|Win32.Build.0 = Debug|Win32
		{EB699CC2-322E-3F6E-9FC2-4846CE893BA6}.MinSizeRel|Win32.ActiveCfg = MinSizeRel|Win32
		{EB699CC2-322E-3F6E-9FC2-4846CE893BA6}.MinSizeRel|Win32.Build.0 = MinSizeRel|Win32
		{EB699CC2-322E-3F6E-9FC2-4846CE893BA6}.Release|Win32.ActiveCfg = Release|Win32
		{EB699CC2-322E-3F6E-9FC2-4846CE893BA6}.Release|Win32.Build.0 = Release|Win32
		{EB699CC2-322E-3F6E-9FC2-4846CE893BA6}.RelWithDebInfo|Win32.ActiveCfg = RelWithDebInfo|Win32
		{EB699CC2-322E-3F6E-9FC2-4846CE893BA6}.RelWithDebInfo|Win32.Build.0 = RelWithDebInfo|Win32
		{9216608E-4B03-3B78-966B-2A23944E8971}.Debug|Win32.ActiveCfg = Debug|Win32
		{9216608E-4B03-3B78-966B-2A23944E8971}.Debug|Win32.Build.0 = Debug|Win32
		{9216608E-4B03-3B78-966B-2A23944E8971}.MinSizeRel|Win32.ActiveCfg = MinSizeRel|Win32
		{9216608E-4B03-3B78-966B-2A23944E8971}.MinSizeRel|Win32.Build.0 = MinSizeRel|Win32
		{9216608E-4B03-3B78-966B-2A23944E8971}.Release|Win32.ActiveCfg = Release|Win32
		{9216608E-4B03-3B78-966B-2A23944E8971}.Release|Win32.Build.0 = Release|Win32
		{9216608E-4B03-3B78-966B-2A23944E8971}.RelWithDebInfo|Win32.ActiveCfg = RelWithDebInfo|Win32
		{9216608E-4B03-3B78-966B-2A23944E8971}.RelWithDebInfo|Win32.Build.0 = RelWithDebInfo|Win32
		{4382F1D8-A67D-3E9D-8B8A-0379760068EE}.Debug|Win32.ActiveCfg = Debug|Win32
		{4382F1D8-A67D-3E9D-8B8A-0379760068EE}.Debug|Win32.Build.0 = Debug|Win32
		{4382F1D8-A67D-3E9D-8B8A-0379760068EE}.MinSizeRel|Win32.ActiveCfg = MinSizeRel|Win32
		{4382F1D8-A67D-3E9D-8B8A-0379760068EE}.MinSizeRel|Win32.Build.0 = MinSizeRel|Win32
		{4382F1D8-A67D-3E9D-8B8A-0379760068EE}.Release|Win32.ActiveCfg = Release|Win32
		{4382F1D8-A67D-3E9D-8B8A-0379760068EE}.Release|Win32.Build.0 = Release|Win32
		{4382F1D8-A67D-3E9D-8B8A-0379760068EE}.RelWithDebInfo|Win32.ActiveCfg = RelWithDebInfo|Win32
		{4382F1D8-A67D-3E9D-8B8A-0379760068EE}.RelWithDebInfo|Win32.Build.0 = RelWithDebInfo|Win32
		{03D788E1-09AB-34E5-9000-C6CB3946405F}.Debug|Win32.ActiveCfg = Debug|Win32
		{03D788E1-09AB-34E5-9000-C6CB3946405F}.Debug|Win32.Build.0 = Debug|Win32
		{03D788E1-09AB-34E5-9000-C6CB3946405F}.MinSizeRel|Win32.ActiveCfg = MinSizeRel|Win32
		{03D788E1-09AB-34E5-9000-C6CB3946405F}.MinSizeRel|Win32.Build.0 = MinSizeRel|Win32
		{03D788E1-09AB-34E5-9000-C6CB3946405F}.Release|Win32.ActiveCfg = Release|Win32
		{03D788E1-09AB-34E5-9000-C6CB3946405F}.Release|Win32.Build.0 = Release|Win32
		{03D788E1-09AB-34E5-9000-C6CB3946405F}.RelWithDebInfo|Win32.ActiveCfg = RelWithDebInfo|Win32
		{03D788E1-09AB-34E5-9000-C6CB3946405F}.RelWithDebInfo|Win32.Build.0 = RelWithDebInfo|Win32
		{B48C393B-0368-3C81-B84E-26BF2E97181F}.Debug|Win32.ActiveCfg = Debug|Win32
		{B48C393B-0368-3C81-B84E-26BF2E97181F}.Debug|Win32.Build.0 = Debug|Win32
		{B48C393B-0368-3C81-B84E-26BF2E97181F}.MinSizeRel|Win32.ActiveCfg = MinSizeRel|Win32
		{B48C393B-0368-3C81-B84E-26BF2E97181F}.MinSizeRel|Win32.Build.0 = MinSizeRel|Win32
		{B48C393B-0368-3C81-B84E-26BF2E97181F}.Release|Win32.ActiveCfg = Release|Win32
		{B48C393B-0368-3C81-B84E-26BF2E97181F}.Release|Win32.Build.0 = Release|Win32
		{B48C393B-0368-3C81-B84E-26BF2E97181F}.RelWithDebInfo|Win32.ActiveCfg = RelWithDebInfo|Win32
		{B48C393B-0368-3C81-B84E-26BF2E97181F}.RelWithDebInfo|Win32.Build.0 = RelWithDebInfo|Win32
		{6967327F-68C7-3989-9505-4B85B81F412F}.Debug|Win32.ActiveCfg = Debug|Win32
		{6967327F-68C7-3989-9505-4B85B81F412F}.Debug|Win32.Build.0 = Debug|Win32
		{6967327F-68C7-3989-9505-4B85B81F412F}.MinSizeRel|Win32.ActiveCfg = MinSizeRel|Win32
		{6967327F-68C7-3989-9505-4B85B81F412F}.MinSizeRel|Win32.Build.0 = MinSizeRel|Win32
		{6967327F-68C7-3989-9505-4B85B81F412F}.Release|Win32.ActiveCfg = Release|Win32
		{6967327F-68C7-3989-9505-4B85B81F412F}.Release|Win32.Build.0 = Release|Win32
		{6967327F-68C7-3989-9505-4B85B81F412F}.RelWithDebInfo|Win32.ActiveCfg = RelWithDebInfo|Win32
		{6967327F-68C7-3989-9505-4B85B81F412F}.RelWithDebInfo|Win32.Build.0 = RelWithDebInfo|Win32
		{4838BB05-74DA-3EDF-A08F-3AAD43ED5FAF}.Debug|Win32.ActiveCfg = Debug|Win32
		{4838BB05-74DA-3EDF-A08F-3AAD43ED5FAF}.Debug|Win32.Build.0 = Debug|Win32
		{4838BB05-74DA-3EDF-A08F-3AAD43ED5FAF}.MinSizeRel|Win32.ActiveCfg = MinSizeRel|Win32
		{4838BB05-74DA-3EDF-A08F-3AAD43ED5FAF}.MinSizeRel|Win32.Build.0 = MinSizeRel|Win32
		{4838BB05-74DA-3EDF-A08F-3AAD43ED5FAF}.Release|Win32.ActiveCfg = Release|Win32
		{4838BB05-74DA-3EDF-A08F-3AAD43ED5FAF}.Release|Win32.Build.0 = Release|Win32
		{4838BB05-74DA-3EDF-A08F-3AAD43ED5FAF}.RelWithDebInfo|Win32.ActiveCfg = RelWithDebInfo|Win32
		{4838BB05-74DA-3EDF-A08F-3AAD43ED5FAF}.RelWithDebInfo|Win32.Build.0 = RelWithDebInfo|Win32
		{2886F568-D958-3D27-B66B-A87D7B1AA216}.Debug|Win32.ActiveCfg = Debug|Win32
		{2886F568-D958-3D27-B66B-A87D7B1AA216}.Debug|Win32.Build.0 = Debug|Win32
		{2886F568-D958-3D27-B66B-A87D7B1AA216}.MinSizeRel|Win32.ActiveCfg = MinSizeRel|Win32
		{2886F568-D958-3D27-B66B-A87D7B1AA216}.MinSizeRel|Win32.Build.0 = MinSizeRel|Win32
		{2886F568-D958-3D27-B66B-A87D7B1AA216}.Release|Win32.ActiveCfg = Release|Win32
		{2886F568-D958-3D27-B66B-A87D7B1AA216}.Release|Win32.Build.0 = Release|Win32
		{2886F568-D958-3D27-B66B-A87D7B1AA216}.RelWithDebInfo|Win32.ActiveCfg = RelWithDebInfo|Win32
		{2886F568-D958-3D27-B66B-A87D7B1AA216}.RelWithDebInfo|Win32.Build.0 = RelWithDebInfo|Win32
		{4AB45400-CD4A-3F1E-AD1D-109F7B81C867}.Debug|Win32.ActiveCfg = Debug|Win32
		{4AB45400-CD4A-3F1E-AD1D-109F7B81C867}.Debug|Win32.Build.0 = Debug|Win32
		{4AB45400-CD4A-3F1E-AD1D-109F7B81C867}.MinSizeRel|Win32.ActiveCfg = MinSizeRel|Win32
		{4AB45400-CD4A-3F1E-AD1D-109F7B81C867}.MinSizeRel|Win32.Build.0 = MinSizeRel|Win32
		{4AB45400-CD4A-3F1E-AD1D-109F7B81C867}.Release|Win32.ActiveCfg = Release|Win32
		{4AB45400-CD4A-3F1E-AD1D-109F7B81C867}.Release|Win32.Build.0 = Release|Win32
		{4AB45400-CD4A-3F1E-AD1D-109F7B81C867}.RelWithDebInfo|Win32.ActiveCfg = RelWithDebInfo|Win32
		{4AB45400-CD4A-3F1E-AD1D-109F7B81C867}.RelWithDebInfo|Win32.Build.0 = RelWithDebInfo|Win32
		{2F9AED46-3C9F-3D8D-B544-484F3FF3F092}.Debug|Win32.ActiveCfg = Debug|Win32
		{2F9AED46-3C9F-3D8D-B544-484F3FF3F092}.Debug|Win32.Build.0 = Debug|Win32
		{2F9AED46-3C9F-3D8D-B544-484F3FF3F092}.MinSizeRel|Win32.ActiveCfg = MinSizeRel|Win32
		{2F9AED46-3C9F-3D8D-B544-484F3FF3F092}.MinSizeRel|Win32.Build.0 = MinSizeRel|Win32
		{2F9AED46-3C9F-3D8D-B544-484F3FF3F092}.Release|Win32.ActiveCfg = Release|Win32
		{2F9AED46-3C9F-3D8D-B544-484F3FF3F092}.Release|Win32.Build.0 = Release|Win32
		{2F9AED46-3C9F-3D8D-B544-484F3FF3F092}.RelWithDebInfo|Win32.ActiveCfg = RelWithDebInfo|Win32
		{2F9AED46-3C9F-3D8D-B544-484F3FF3F092}.RelWithDebInfo|Win32.Build.0 = RelWithDebInfo|Win32
		{BC0720A1-CDEC-3E07-9F13-7895A320214B}.Debug|Win32.ActiveCfg = Debug|Win32
		{BC0720A1-CDEC-3E07-9F13-7895A320214B}.Debug|Win32.Build.0 = Debug|Win32
		{BC0720A1-CDEC-3E07-9F13-7895A320214B}.MinSizeRel|Win32.ActiveCfg = MinSizeRel|Win32
		{BC0720A1-CDEC-3E07-9F13-7895A320214B}.MinSizeRel|Win32.Build.0 = MinSizeRel|Win32
		{BC0720A1-CDEC-3E07-9F13-7895A320214B}.Release|Win32.ActiveCfg = Release|Win32
		{BC0720A1-CDEC-3E07-9F13-7895A320214B}.Release|Win32.Build.0 = Release|Win32
		{BC0720A1-CDEC-3E07-9F13-7895A320214B}.RelWithDebInfo|Win32.ActiveCfg = RelWithDebInfo|Win32
		{BC0720A1-CDEC-3E07-9F13-7895A320214B}.RelWithDebInfo|Win32.Build.0 = RelWithDebInfo|Win32
		{9B492390-11D5-3A2F-BE3C-E0599E882038}.Debug|Win32.ActiveCfg = Debug|Win32
		{9B492390-11D5-3A2F-BE3C-E0599E882038}.Debug|Win32.Build.0 = Debug|Win32
		{9B492390-11D5-3A2F-BE3C-E0599E882038}.MinSizeRel|Win32.ActiveCfg = MinSizeRel|Win32
		{9B492390-11D5-3A2F-BE3C-E0599E882038}.MinSizeRel|Win32.Build.0 = MinSizeRel|Win32
		{9B492390-11D5-3A2F-BE3C-E0599E882038}.Release|Win32.ActiveCfg = Release|Win32
		{9B492390-11D5-3A2F-BE3C-E0599E882038}.Release|Win32.Build.0 = Release|Win32
		{9B492390-11D5-3A2F-BE3C-E0599E882038}.RelWithDebInfo|Win32.ActiveCfg = RelWithDebInfo|Win32
		{9B492390-11D5-3A2F-BE3C-E0599E882038}.RelWithDebInfo|Win32.Build.0 = RelWithDebInfo|Win32
		{E753ADA5-C6D0-3AA7-B6D8-0A5493C6F9ED}.Debug|Win32.ActiveCfg = Debug|Win32
		{E753ADA5-C6D0-3AA7-B6D8-0A5493C6F9ED}.Debug|Win32.Build.0 = Debug|Win32
		{E753ADA5-C6D0-3AA7-B6D8-0A5493C6F9ED}.MinSizeRel|Win32.ActiveCfg = MinSizeRel|Win32
		{E753ADA5-C6D0-3AA7-B6D8-0A5493C6F9ED}.MinSizeRel|Win32.Build.0 = MinSizeRel|Win32
		{E753ADA5-C6D0-3AA7-B6D8-0A5493C6F9ED}.Release|Win32.ActiveCfg = Release|Win32
		{E753ADA5-C6D0-3AA7-B6D8-0A5493C6F9ED}.Release|Win32.Build.0 = Release|Win32
		{E753ADA5-C6D0-3AA7-B6D8-0A5493C6F9ED}.RelWithDebInfo|Win32.ActiveCfg = RelWithDebInfo|Win32
		{E753ADA5-C6D0-3AA7-B6D8-0A5493C6F9ED}.RelWithDebInfo|Win32.Build.0 = RelWithDebInfo|Win32
		{49E2A931-9F66-300F-97CC-23DEB3D91385}.Debug|Win32.ActiveCfg = Debug|Win32
		{49E2A931-9F66-300F-97CC-23DEB3D91385}.Debug|Win32.Build.0 = Debug|Win32
		{49E2A931-9F66-300F-97CC-23DEB3D91385}.MinSizeRel|Win32.ActiveCfg = MinSizeRel|Win32
		{49E2A931-9F66-300F-97CC-23DEB3D91385}.MinSizeRel|Win32.Build.0 = MinSizeRel|Win32
		{49E2A931-9F66-300F-97CC-23DEB3D91385}.Release|Win32.ActiveCfg = Release|Win32
		{49E2A931-9F66-300F-97CC-23DEB3D91385}.Release|Win32.Build.0 = Release|Win32
		{49E2A931-9F66-300F-97CC-23DEB3D91385}.RelWithDebInfo|Win32.ActiveCfg = RelWithDebInfo|Win32
		{49E2A931-9F66-300F-97CC-23DEB3D91385}.RelWithDebInfo|Win32.Build.0 = RelWithDebInfo|Win32
		{77BFDA4A-D3C3-35FE-B5E0-BD8FF74B2FB1}.Debug|Win32.ActiveCfg = Debug|Win32
		{77BFDA4A-D3C3-35FE-B5E0-BD8FF74B2FB1}.Debug|Win32.Build.0 = Debug|Win32
		{77BFDA4A-D3C3-35FE-B5E0-BD8FF74B2FB1}.MinSizeRel|Win32.ActiveCfg = MinSizeRel|Win32
		{77BFDA4A-D3C3-35FE-B5E0-BD8FF74B2FB1}.MinSizeRel|Win32.Build.0 = MinSizeRel|Win32
		{77BFDA4A-D3C3-35FE-B5E0-BD8FF74B2FB1}.Release|Win32.ActiveCfg = Release|Win32
		{77BFDA4A-D3C3-35FE-B5E0-BD8FF74B2FB1}.Release|Win32.Build.0 = Release|Win32
		{77BFDA4A-D3C3-35FE-B5E0-BD8FF74B2FB1}.RelWithDebInfo|Win32.ActiveCfg = RelWithDebInfo|Win32
		{77BFDA4A-D3C3-35FE-B5E0-BD8FF74B2FB1}.RelWithDebInfo|Win32.Build.0 = RelWithDebInfo|Win32
	EndGlobalSection
	GlobalSection(SolutionProperties) = preSolution
		HideSolutionNode = FALSE
	EndGlobalSection
	GlobalSection(NestedProjects) = preSolution
		{9216608E-4B03-3B78-966B-2A23944E8971} = {43ABFFEA-A127-3402-99F0-19FE57F386F1}
		{4382F1D8-A67D-3E9D-8B8A-0379760068EE} = {B5CBC3DF-7736-3A11-8138-D31F4A6A9236}
		{03D788E1-09AB-34E5-9000-C6CB3946405F} = {688642D9-93C2-3AFD-A46D-9735C94489C1}
		{B48C393B-0368-3C81-B84E-26BF2E97181F} = {A2AFB501-9BA9-304F-BE37-6466283FA173}
		{6967327F-68C7-3989-9505-4B85B81F412F} = {A2AFB501-9BA9-304F-BE37-6466283FA173}
		{4838BB05-74DA-3EDF-A08F-3AAD43ED5FAF} = {A2AFB501-9BA9-304F-BE37-6466283FA173}
		{2886F568-D958-3D27-B66B-A87D7B1AA216} = {A2AFB501-9BA9-304F-BE37-6466283FA173}
		{4AB45400-CD4A-3F1E-AD1D-109F7B81C867} = {A2AFB501-9BA9-304F-BE37-6466283FA173}
		{2F9AED46-3C9F-3D8D-B544-484F3FF3F092} = {A2AFB501-9BA9-304F-BE37-6466283FA173}
		{BC0720A1-CDEC-3E07-9F13-7895A320214B} = {A2AFB501-9BA9-304F-BE37-6466283FA173}
		{9B492390-11D5-3A2F-BE3C-E0599E882038} = {A2AFB501-9BA9-304F-BE37-6466283FA173}
		{E753ADA5-C6D0-3AA7-B6D8-0A5493C6F9ED} = {A2AFB501-9BA9-304F-BE37-6466283FA173}
		{49E2A931-9F66-300F-97CC-23DEB3D91385} = {A2AFB501-9BA9-304F-BE37-6466283FA173}
		{77BFDA4A-D3C3-35FE-B5E0-BD8FF74B2FB1} = {A2AFB501-9BA9-304F-BE37-6466283FA173}
	EndGlobalSection
	GlobalSection(ExtensibilityGlobals) = postSolution
		SolutionGuid = {46E60F4A-D547-3F73-B3A1-6ABF83ECE5E4}
	EndGlobalSection
EndGlobal
